<?xml version="1.0" encoding="utf-8"?>
<Project ToolsVersion="4.0" xmlns="http://schemas.microsoft.com/developer/msbuild/2003">
  <ItemGroup>
    <Filter Include="Source Files">
      <UniqueIdentifier>{4FC737F1-C7A5-4376-A066-2A32D752A2FF}</UniqueIdentifier>
      <Extensions>cpp;c;cc;cxx;c++;cppm;ixx;def;odl;idl;hpj;bat;asm;asmx</Extensions>
    </Filter>
    <Filter Include="Header Files">
      <UniqueIdentifier>{93995380-89BD-4b04-88EB-625FBE52EBFB}</UniqueIdentifier>
      <Extensions>h;hh;hpp;hxx;h++;hm;inl;inc;ipp;xsd</Extensions>
    </Filter>
    <Filter Include="Resource Files">
      <UniqueIdentifier>{67DA6AB6-F800-4c08-8B7A-83BB121AAD01}</UniqueIdentifier>
      <Extensions>rc;ico;cur;bmp;dlg;rc2;rct;bin;rgs;gif;jpg;jpeg;jpe;resx;tiff;tif;png;wav;mfcribbon-ms</Extensions>
    </Filter>
    <Filter Include="Header Files\Dialog Boxes">
      <UniqueIdentifier>{144a2e6a-99a7-47f0-83f3-780223f303c2}</UniqueIdentifier>
    </Filter>
    <Filter Include="Source Files\Dialog Boxes">
      <UniqueIdentifier>{b6171220-b5f9-452f-9ddb-a27861d40219}</UniqueIdentifier>
    </Filter>
    <Filter Include="Header Files\Dialog Boxes\File Boxes">
      <UniqueIdentifier>{c3f495c1-5d1c-4d34-9a0a-8864f9bbd8b7}</UniqueIdentifier>
    </Filter>
    <Filter Include="Header Files\Dialog Boxes\Others">
      <UniqueIdentifier>{b644041a-c251-49c5-a66e-ba45d696fe9f}</UniqueIdentifier>
    </Filter>
    <Filter Include="Source Files\Dialog Boxes\Others">
      <UniqueIdentifier>{960836c7-933c-4b92-a648-d485c986b3d1}</UniqueIdentifier>
    </Filter>
    <Filter Include="Source Files\Dialog Boxes\File Boxes">
      <UniqueIdentifier>{2a0abd78-3b6b-4568-99d0-78a2459d92a9}</UniqueIdentifier>
    </Filter>
    <Filter Include="Header Files\WindowMenu">
      <UniqueIdentifier>{089d09aa-50e3-4bf3-81da-6736ed8429e8}</UniqueIdentifier>
    </Filter>
    <Filter Include="Source Files\WindowMenu">
      <UniqueIdentifier>{d0919ce6-7522-454b-a767-1156ead88040}</UniqueIdentifier>
    </Filter>
  </ItemGroup>
  <ItemGroup>
    <ClCompile Include="EditorWindow.cpp">
      <Filter>Source Files</Filter>
    </ClCompile>
    <ClCompile Include="Main.cpp">
      <Filter>Source Files</Filter>
    </ClCompile>
    <ClCompile Include="Editor.cpp">
      <Filter>Source Files</Filter>
    </ClCompile>
    <ClCompile Include="IFileBox.cpp">
      <Filter>Source Files\Dialog Boxes\File Boxes</Filter>
    </ClCompile>
    <ClCompile Include="StandardFileBox.cpp">
      <Filter>Source Files\Dialog Boxes\File Boxes</Filter>
    </ClCompile>
    <ClCompile Include="SelectFolderBox.cpp">
      <Filter>Source Files\Dialog Boxes\Others</Filter>
    </ClCompile>
    <ClCompile Include="CustomDialogBox.cpp">
      <Filter>Source Files\Dialog Boxes\Others</Filter>
    </ClCompile>
    <ClCompile Include="EnterTextBox.cpp">
      <Filter>Source Files\Dialog Boxes\Others</Filter>
    </ClCompile>
    <ClCompile Include="QuestionBox.cpp">
      <Filter>Source Files\Dialog Boxes\Others</Filter>
    </ClCompile>
    <ClCompile Include="MenuHelper.cpp">
      <Filter>Source Files\WindowMenu</Filter>
    </ClCompile>
  </ItemGroup>
  <ItemGroup>
    <ClInclude Include="EditorWindow.h">
      <Filter>Header Files</Filter>
    </ClInclude>
    <ClInclude Include="Editor.h">
      <Filter>Header Files</Filter>
    </ClInclude>
    <ClInclude Include="EditorResourceMacros.h">
      <Filter>Resource Files</Filter>
    </ClInclude>
    <ClInclude Include="IFileBox.h">
      <Filter>Header Files\Dialog Boxes\File Boxes</Filter>
    </ClInclude>
    <ClInclude Include="StandardFileBox.h">
      <Filter>Header Files\Dialog Boxes\File Boxes</Filter>
    </ClInclude>
    <ClInclude Include="SelectFolderBox.h">
      <Filter>Header Files\Dialog Boxes\Others</Filter>
    </ClInclude>
    <ClInclude Include="CustomDialogBox.h">
      <Filter>Header Files\Dialog Boxes\Others</Filter>
    </ClInclude>
    <ClInclude Include="EnterTextBox.h">
      <Filter>Header Files\Dialog Boxes\Others</Filter>
    </ClInclude>
    <ClInclude Include="QuestionBox.h">
      <Filter>Header Files\Dialog Boxes\Others</Filter>
    </ClInclude>
    <ClInclude Include="MenuHelper.h">
      <Filter>Header Files\WindowMenu</Filter>
    </ClInclude>
  </ItemGroup>
  <ItemGroup>
    <ResourceCompile Include="LevelEditor.rc">
      <Filter>Resource Files</Filter>
    </ResourceCompile>
  </ItemGroup>
  <ItemGroup>
    <Image Include="..\Debug\Icon.ico">
      <Filter>Resource Files</Filter>
    </Image>
  </ItemGroup>
</Project>